// !$*UTF8*$!
{
	archiveVersion = 1;
	classes = {
	};
	objectVersion = 50;
	objects = {

/* Begin PBXBuildFile section */
		CE27D0F223F552CD00A6E65D /* AppDelegate.swift in Sources */ = {isa = PBXBuildFile; fileRef = CE27D0F123F552CD00A6E65D /* AppDelegate.swift */; };
		CE27D0F423F552CD00A6E65D /* SceneDelegate.swift in Sources */ = {isa = PBXBuildFile; fileRef = CE27D0F323F552CD00A6E65D /* SceneDelegate.swift */; };
		CE27D0F623F552CD00A6E65D /* ViewController.swift in Sources */ = {isa = PBXBuildFile; fileRef = CE27D0F523F552CD00A6E65D /* ViewController.swift */; };
		CE27D0F923F552CD00A6E65D /* Main.storyboard in Resources */ = {isa = PBXBuildFile; fileRef = CE27D0F723F552CD00A6E65D /* Main.storyboard */; };
		CE27D0FB23F552CD00A6E65D /* Assets.xcassets in Resources */ = {isa = PBXBuildFile; fileRef = CE27D0FA23F552CD00A6E65D /* Assets.xcassets */; };
		CE27D0FE23F552CD00A6E65D /* LaunchScreen.storyboard in Resources */ = {isa = PBXBuildFile; fileRef = CE27D0FC23F552CD00A6E65D /* LaunchScreen.storyboard */; };
/* End PBXBuildFile section */

/* Begin PBXFileReference section */
		CE27D0EE23F552CD00A6E65D /* DrawBrick.app */ = {isa = PBXFileReference; explicitFileType = wrapper.application; includeInIndex = 0; path = DrawBrick.app; sourceTree = BUILT_PRODUCTS_DIR; };
		CE27D0F123F552CD00A6E65D /* AppDelegate.swift */ = {isa = PBXFileReference; lastKnownFileType = sourcecode.swift; path = AppDelegate.swift; sourceTree = "<group>"; };
		CE27D0F323F552CD00A6E65D /* SceneDelegate.swift */ = {isa = PBXFileReference; lastKnownFileType = sourcecode.swift; path = SceneDelegate.swift; sourceTree = "<group>"; };
		CE27D0F523F552CD00A6E65D /* ViewController.swift */ = {isa = PBXFileReference; lastKnownFileType = sourcecode.swift; path = ViewController.swift; sourceTree = "<group>"; };
		CE27D0F823F552CD00A6E65D /* Base */ = {isa = PBXFileReference; lastKnownFileType = file.storyboard; name = Base; path = Base.lproj/Main.storyboard; sourceTree = "<group>"; };
		CE27D0FA23F552CD00A6E65D /* Assets.xcassets */ = {isa = PBXFileReference; lastKnownFileType = folder.assetcatalog; path = Assets.xcassets; sourceTree = "<group>"; };
		CE27D0FD23F552CD00A6E65D /* Base */ = {isa = PBXFileReference; lastKnownFileType = file.storyboard; name = Base; path = Base.lproj/LaunchScreen.storyboard; sourceTree = "<group>"; };
		CE27D0FF23F552CD00A6E65D /* Info.plist */ = {isa = PBXFileReference; lastKnownFileType = text.plist.xml; path = Info.plist; sourceTree = "<group>"; };
/* End PBXFileReference section */

/* Begin PBXFrameworksBuildPhase section */
		CE27D0EB23F552CD00A6E65D /* Frameworks */ = {
			isa = PBXFrameworksBuildPhase;
			buildActionMask = 2147483647;
			files = (
			);
			runOnlyForDeploymentPostprocessing = 0;
		};
/* End PBXFrameworksBuildPhase section */

/* Begin PBXGroup section */
		CE27D0E523F552CC00A6E65D = {
			isa = PBXGroup;
			children = (
				CE27D0F023F552CD00A6E65D /* DrawBrick */,
				CE27D0EF23F552CD00A6E65D /* Products */,
			);
			sourceTree = "<group>";
		};
		CE27D0EF23F552CD00A6E65D /* Products */ = {
			isa = PBXGroup;
			children = (
				CE27D0EE23F552CD00A6E65D /* DrawBrick.app */,
			);
			name = Products;
			sourceTree = "<group>";
		};
		CE27D0F023F552CD00A6E65D /* DrawBrick */ = {
			isa = PBXGroup;
			children = (
				CE27D0F123F552CD00A6E65D /* AppDelegate.swift */,
				CE27D0F323F552CD00A6E65D /* SceneDelegate.swift */,
				CE27D0F523F552CD00A6E65D /* ViewController.swift */,
				CE27D0F723F552CD00A6E65D /* Main.storyboard */,
				CE27D0FA23F552CD00A6E65D /* Assets.xcassets */,
				CE27D0FC23F552CD00A6E65D /* LaunchScreen.storyboard */,
				CE27D0FF23F552CD00A6E65D /* Info.plist */,
			);
			path = DrawBrick;
			sourceTree = "<group>";
		};
/* End PBXGroup section */

/* Begin PBXNativeTarget section */
		CE27D0ED23F552CD00A6E65D /* DrawBrick */ = {
			isa = PBXNativeTarget;
			buildConfigurationList = CE27D10223F552CD00A6E65D /* Build configuration list for PBXNativeTarget "DrawBrick" */;
			buildPhases = (
				CE27D0EA23F552CD00A6E65D /* Sources */,
				CE27D0EB23F552CD00A6E65D /* Frameworks */,
				CE27D0EC23F552CD00A6E65D /* Resources */,
			);
			buildRules = (
			);
			dependencies = (
			);
			name = DrawBrick;
			productName = DrawBrick;
			productReference = CE27D0EE23F552CD00A6E65D /* DrawBrick.app */;
			productType = "com.apple.product-type.application";
		};
/* End PBXNativeTarget section */

/* Begin PBXProject section */
		CE27D0E623F552CC00A6E65D /* Project object */ = {
			isa = PBXProject;
			attributes = {
				LastSwiftUpdateCheck = 1130;
				LastUpgradeCheck = 1130;
				ORGANIZATIONNAME = hung;
				TargetAttributes = {
					CE27D0ED23F552CD00A6E65D = {
						CreatedOnToolsVersion = 11.3;
					};
				};
			};
			buildConfigurationList = CE27D0E923F552CC00A6E65D /* Build configuration list for PBXProject "DrawBrick" */;
			compatibilityVersion = "Xcode 9.3";
			developmentRegion = en;
			hasScannedForEncodings = 0;
			knownRegions = (
				en,
				Base,
			);
			mainGroup = CE27D0E523F552CC00A6E65D;
			productRefGroup = CE27D0EF23F552CD00A6E65D /* Products */;
			projectDirPath = "";
			projectRoot = "";
			targets = (
				CE27D0ED23F552CD00A6E65D /* DrawBrick */,
			);
		};
/* End PBXProject section */

/* Begin PBXResourcesBuildPhase section */
		CE27D0EC23F552CD00A6E65D /* Resources */ = {
			isa = PBXResourcesBuildPhase;
			buildActionMask = 2147483647;
			files = (
				CE27D0FE23F552CD00A6E65D /* LaunchScreen.storyboard in Resources */,
				CE27D0FB23F552CD00A6E65D /* Assets.xcassets in Resources */,
				CE27D0F923F552CD00A6E65D /* Main.storyboard in Resources */,
			);
			runOnlyForDeploymentPostprocessing = 0;
		};
/* End PBXResourcesBuildPhase section */

/* Begin PBXSourcesBuildPhase section */
		CE27D0EA23F552CD00A6E65D /* Sources */ = {
			isa = PBXSourcesBuildPhase;
			buildActionMask = 2147483647;
			files = (
				CE27D0F623F552CD00A6E65D /* ViewController.swift in Sources */,
				CE27D0F223F552CD00A6E65D /* AppDelegate.swift in Sources */,
				CE27D0F423F552CD00A6E65D /* SceneDelegate.swift in Sources */,
			);
			runOnlyForDeploymentPostprocessing = 0;
		};
/* End PBXSourcesBuildPhase section */

/* Begin PBXVariantGroup section */
		CE27D0F723F552CD00A6E65D /* Main.storyboard */ = {
			isa = PBXVariantGroup;
			children = (
				CE27D0F823F552CD00A6E65D /* Base */,
			);
			name = Main.storyboard;
			sourceTree = "<group>";
		};
		CE27D0FC23F552CD00A6E65D /* LaunchScreen.storyboard */ = {
			isa = PBXVariantGroup;
			children = (
				CE27D0FD23F552CD00A6E65D /* Base */,
			);
			name = LaunchScreen.storyboard;
			sourceTree = "<group>";
		};
/* End PBXVariantGroup section */

/* Begin XCBuildConfiguration section */
		CE27D10023F552CD00A6E65D /* Debug */ = {
			isa = XCBuildConfiguration;
			buildSettings = {
				ALWAYS_SEARCH_USER_PATHS = NO;
				CLANG_ANALYZER_NONNULL = YES;
				CLANG_ANALYZER_NUMBER_OBJECT_CONVERSION = YES_AGGRESSIVE;
				CLANG_CXX_LANGUAGE_STANDARD = "gnu++14";
				CLANG_CXX_LIBRARY = "libc++";
				CLANG_ENABLE_MODULES = YES;
				CLANG_ENABLE_OBJC_ARC = YES;
				CLANG_ENABLE_OBJC_WEAK = YES;
				CLANG_WARN_BLOCK_CAPTURE_AUTORELEASING = YES;
				CLANG_WARN_BOOL_CONVERSION = YES;
				CLANG_WARN_COMMA = YES;
				CLANG_WARN_CONSTANT_CONVERSION = YES;
				CLANG_WARN_DEPRECATED_OBJC_IMPLEMENTATIONS = YES;
				CLANG_WARN_DIRECT_OBJC_ISA_USAGE = YES_ERROR;
				CLANG_WARN_DOCUMENTATION_COMMENTS = YES;
				CLANG_WARN_EMPTY_BODY = YES;
				CLANG_WARN_ENUM_CONVERSION = YES;
				CLANG_WARN_INFINITE_RECURSION = YES;
				CLANG_WARN_INT_CONVERSION = YES;
				CLANG_WARN_NON_LITERAL_NULL_CONVERSION = YES;
				CLANG_WARN_OBJC_IMPLICIT_RETAIN_SELF = YES;
				CLANG_WARN_OBJC_LITERAL_CONVERSION = YES;
				CLANG_WARN_OBJC_ROOT_CLASS = YES_ERROR;
				CLANG_WARN_RANGE_LOOP_ANALYSIS = YES;
				CLANG_WARN_STRICT_PROTOTYPES = YES;
				CLANG_WARN_SUSPICIOUS_MOVE = YES;
				CLANG_WARN_UNGUARDED_AVAILABILITY = YES_AGGRESSIVE;
				CLANG_WARN_UNREACHABLE_CODE = YES;
				CLANG_WARN__DUPLICATE_METHOD_MATCH = YES;
				COPY_PHASE_STRIP = NO;
				DEBUG_INFORMATION_FORMAT = dwarf;
				ENABLE_STRICT_OBJC_MSGSEND = YES;
				ENABLE_TESTABILITY = YES;
				GCC_C_LANGUAGE_STANDARD = gnu11;
				GCC_DYNAMIC_NO_PIC = NO;
				GCC_NO_COMMON_BLOCKS = YES;
				GCC_OPTIMIZATION_LEVEL = 0;
				GCC_PREPROCESSOR_DEFINITIONS = (
					"DEBUG=1",
					"$(inherited)",
				);
				GCC_WARN_64_TO_32_BIT_CONVERSION = YES;
				GCC_WARN_ABOUT_RETURN_TYPE = YES_ERROR;
				GCC_WARN_UNDECLARED_SELECTOR = YES;
				GCC_WARN_UNINITIALIZED_AUTOS = YES_AGGRESSIVE;
				GCC_WARN_UNUSED_FUNCTION = YES;
				GCC_WARN_UNUSED_VARIABLE = YES;
				IPHONEOS_DEPLOYMENT_TARGET = 13.2;
				MTL_ENABLE_DEBUG_INFO = INCLUDE_SOURCE;
				MTL_FAST_MATH = YES;
				ONLY_ACTIVE_ARCH = YES;
				SDKROOT = iphoneos;
				SWIFT_ACTIVE_COMPILATION_CONDITIONS = DEBUG;
				SWIFT_OPTIMIZATION_LEVEL = "-Onone";
			};
			name = Debug;
		};
		CE27D10123F552CD00A6E65D /* Release */ = {
			isa = XCBuildConfiguration;
			buildSettings = {
				ALWAYS_SEARCH_USER_PATHS = NO;
				CLANG_ANALYZER_NONNULL = YES;
				CLANG_ANALYZER_NUMBER_OBJECT_CONVERSION = YES_AGGRESSIVE;
				CLANG_CXX_LANGUAGE_STANDARD = "gnu++14";
				CLANG_CXX_LIBRARY = "libc++";
				CLANG_ENABLE_MODULES = YES;
				CLANG_ENABLE_OBJC_ARC = YES;
				CLANG_ENABLE_OBJC_WEAK = YES;
				CLANG_WARN_BLOCK_CAPTURE_AUTORELEASING = YES;
				CLANG_WARN_BOOL_CONVERSION = YES;
				CLANG_WARN_COMMA = YES;
				CLANG_WARN_CONSTANT_CONVERSION = YES;
				CLANG_WARN_DEPRECATED_OBJC_IMPLEMENTATIONS = YES;
				CLANG_WARN_DIRECT_OBJC_ISA_USAGE = YES_ERROR;
				CLANG_WARN_DOCUMENTATION_COMMENTS = YES;
				CLANG_WARN_EMPTY_BODY = YES;
				CLANG_WARN_ENUM_CONVERSION = YES;
				CLANG_WARN_INFINITE_RECURSION = YES;
				CLANG_WARN_INT_CONVERSION = YES;
				CLANG_WARN_NON_LITERAL_NULL_CONVERSION = YES;
				CLANG_WARN_OBJC_IMPLICIT_RETAIN_SELF = YES;
				CLANG_WARN_OBJC_LITERAL_CONVERSION = YES;
				CLANG_WARN_OBJC_ROOT_CLASS = YES_ERROR;
				CLANG_WARN_RANGE_LOOP_ANALYSIS = YES;
				CLANG_WARN_STRICT_PROTOTYPES = YES;
				CLANG_WARN_SUSPICIOUS_MOVE = YES;
				CLANG_WARN_UNGUARDED_AVAILABILITY = YES_AGGRESSIVE;
				CLANG_WARN_UNREACHABLE_CODE = YES;
				CLANG_WARN__DUPLICATE_METHOD_MATCH = YES;
				COPY_PHASE_STRIP = NO;
				DEBUG_INFORMATION_FORMAT = "dwarf-with-dsym";
				ENABLE_NS_ASSERTIONS = NO;
				ENABLE_STRICT_OBJC_MSGSEND = YES;
				GCC_C_LANGUAGE_STANDARD = gnu11;
				GCC_NO_COMMON_BLOCKS = YES;
				GCC_WARN_64_TO_32_BIT_CONVERSION = YES;
				GCC_WARN_ABOUT_RETURN_TYPE = YES_ERROR;
				GCC_WARN_UNDECLARED_SELECTOR = YES;
				GCC_WARN_UNINITIALIZED_AUTOS = YES_AGGRESSIVE;
				GCC_WARN_UNUSED_FUNCTION = YES;
				GCC_WARN_UNUSED_VARIABLE = YES;
				IPHONEOS_DEPLOYMENT_TARGET = 13.2;
				MTL_ENABLE_DEBUG_INFO = NO;
				MTL_FAST_MATH = YES;
				SDKROOT = iphoneos;
				SWIFT_COMPILATION_MODE = wholemodule;
				SWIFT_OPTIMIZATION_LEVEL = "-O";
				VALIDATE_PRODUCT = YES;
			};
			name = Release;
		};
		CE27D10323F552CD00A6E65D /* Debug */ = {
			isa = XCBuildConfiguration;
			buildSettings = {
				ASSETCATALOG_COMPILER_APPICON_NAME = AppIcon;
				CODE_SIGN_STYLE = Automatic;
				INFOPLIST_FILE = DrawBrick/Info.plist;
				LD_RUNPATH_SEARCH_PATHS = (
					"$(inherited)",
					"@executable_path/Frameworks",
				);
				PRODUCT_BUNDLE_IDENTIFIER = com.hungnguyen.DrawBrick;
				PRODUCT_NAME = "$(TARGET_NAME)";
				SWIFT_VERSION = 5.0;
				TARGETED_DEVICE_FAMILY = "1,2";
			};
			name = Debug;
		};
		CE27D10423F552CD00A6E65D /* Release */ = {
			isa = XCBuildConfiguration;
			buildSettings = {
				ASSETCATALOG_COMPILER_APPICON_NAME = AppIcon;
				CODE_SIGN_STYLE = Automatic;
				INFOPLIST_FILE = DrawBrick/Info.plist;
				LD_RUNPATH_SEARCH_PATHS = (
					"$(inherited)",
					"@executable_path/Frameworks",
				);
				PRODUCT_BUNDLE_IDENTIFIER = com.hungnguyen.DrawBrick;
				PRODUCT_NAME = "$(TARGET_NAME)";
				SWIFT_VERSION = 5.0;
				TARGETED_DEVICE_FAMILY = "1,2";
			};
			name = Release;
		};
/* End XCBuildConfiguration section */

/* Begin XCConfigurationList section */
		CE27D0E923F552CC00A6E65D /* Build configuration list for PBXProject "DrawBrick" */ = {
			isa = XCConfigurationList;
			buildConfigurations = (
				CE27D10023F552CD00A6E65D /* Debug */,
				CE27D10123F552CD00A6E65D /* Release */,
			);
			defaultConfigurationIsVisible = 0;
			defaultConfigurationName = Release;
		};
		CE27D10223F552CD00A6E65D /* Build configuration list for PBXNativeTarget "DrawBrick" */ = {
			isa = XCConfigurationList;
			buildConfigurations = (
				CE27D10323F552CD00A6E65D /* Debug */,
				CE27D10423F552CD00A6E65D /* Release */,
			);
			defaultConfigurationIsVisible = 0;
			defaultConfigurationName = Release;
		};
/* End XCConfigurationList section */
	};
	rootObject = CE27D0E623F552CC00A6E65D /* Project object */;
}
